
Microsoft Visual Studio Solution File, Format Version 12.00
# Visual Studio Version 17
VisualStudioVersion = 17.8.34330.188
MinimumVisualStudioVersion = 10.0.40219.1
Project("{FAE04EC0-301F-11D3-BF4B-00C04F79EFBC}") = "HanukaProject", "HanukaProject\HanukaProject.csproj", "{AC590390-C80D-4CD8-9875-50AF6FFD0AA8}"
EndProject
Global
	GlobalSection(SolutionConfigurationPlatforms) = preSolution
		Debug|Any CPU = Debug|Any CPU
		Release|Any CPU = Release|Any CPU
	EndGlobalSection
	GlobalSection(ProjectConfigurationPlatforms) = postSolution
		{AC590390-C80D-4CD8-9875-50AF6FFD0AA8}.Debug|Any CPU.ActiveCfg = Debug|Any CPU
		{AC590390-C80D-4CD8-9875-50AF6FFD0AA8}.Debug|Any CPU.Build.0 = Debug|Any CPU
		{AC590390-C80D-4CD8-9875-50AF6FFD0AA8}.Release|Any CPU.ActiveCfg = Release|Any CPU
		{AC590390-C80D-4CD8-9875-50AF6FFD0AA8}.Release|Any CPU.Build.0 = Release|Any CPU
	EndGlobalSection
	GlobalSection(SolutionProperties) = preSolution
		HideSolutionNode = FALSE
	EndGlobalSection
	GlobalSection(ExtensibilityGlobals) = postSolution
		SolutionGuid = {C4BC671F-6336-4897-A26E-00F4497AE066}
	EndGlobalSection
EndGlobal
